# This file was autogenerated by Stack.
# You should not edit this file by hand.
# For more information, please see the documentation at:
#   https://docs.haskellstack.org/en/stable/lock_files

packages:
- completed:
    hackage: network-3.1.1.1@sha256:b704cb6676c03e98267190df797497587576a2e96094550ea143415239bbe66e,4268
    pantry-tree:
      size: 3297
      sha256: 975170abd872edadd5afea9911eaebfd7683fe6e53f0a898343743d938b7b80d
  original:
    hackage: network-3.1.1.1@sha256:b704cb6676c03e98267190df797497587576a2e96094550ea143415239bbe66e,4268
snapshots:
- completed:
    size: 524155
    url: https://raw.githubusercontent.com/commercialhaskell/stackage-snapshots/master/lts/14/19.yaml
    sha256: 9f79f6494473c9b46911364b94c4b5ef19ca8d35ebf62e46697cf651f198ee19
  original: lts-14.19
